// !$*UTF8*$!
{
	archiveVersion = 1;
	classes = {
	};
	objectVersion = 56;
	objects = {

/* Begin PBXBuildFile section */
		68C6A70D290685800002F291 /* BrowsrAppApp.swift in Sources */ = {isa = PBXBuildFile; fileRef = 68C6A70C290685800002F291 /* BrowsrAppApp.swift */; };
		68C6A711290685810002F291 /* Assets.xcassets in Resources */ = {isa = PBXBuildFile; fileRef = 68C6A710290685810002F291 /* Assets.xcassets */; };
		68C6A714290685810002F291 /* Preview Assets.xcassets in Resources */ = {isa = PBXBuildFile; fileRef = 68C6A713290685810002F291 /* Preview Assets.xcassets */; };
		68C6A71E290685810002F291 /* BrowsrAppTests.swift in Sources */ = {isa = PBXBuildFile; fileRef = 68C6A71D290685810002F291 /* BrowsrAppTests.swift */; };
		68C6A728290685810002F291 /* BrowsrAppUITests.swift in Sources */ = {isa = PBXBuildFile; fileRef = 68C6A727290685810002F291 /* BrowsrAppUITests.swift */; };
		68C6A72A290685810002F291 /* BrowsrAppUITestsLaunchTests.swift in Sources */ = {isa = PBXBuildFile; fileRef = 68C6A729290685810002F291 /* BrowsrAppUITestsLaunchTests.swift */; };
		68C6A73C2906864F0002F291 /* OrganizationListView.swift in Sources */ = {isa = PBXBuildFile; fileRef = 68C6A73B2906864F0002F291 /* OrganizationListView.swift */; };
		68C6A73E290686640002F291 /* OrganizationsListViewModel.swift in Sources */ = {isa = PBXBuildFile; fileRef = 68C6A73D290686640002F291 /* OrganizationsListViewModel.swift */; };
		68C6A7422906884E0002F291 /* BrowsrLib in Frameworks */ = {isa = PBXBuildFile; productRef = 68C6A7412906884E0002F291 /* BrowsrLib */; };
		68C6A7452906C5F00002F291 /* OrganizationExt.swift in Sources */ = {isa = PBXBuildFile; fileRef = 68C6A7442906C5F00002F291 /* OrganizationExt.swift */; };
		68C6A7472906CF290002F291 /* SeparatorView.swift in Sources */ = {isa = PBXBuildFile; fileRef = 68C6A7462906CF290002F291 /* SeparatorView.swift */; };
/* End PBXBuildFile section */

/* Begin PBXContainerItemProxy section */
		68C6A71A290685810002F291 /* PBXContainerItemProxy */ = {
			isa = PBXContainerItemProxy;
			containerPortal = 68C6A7012906857F0002F291 /* Project object */;
			proxyType = 1;
			remoteGlobalIDString = 68C6A7082906857F0002F291;
			remoteInfo = BrowsrApp;
		};
		68C6A724290685810002F291 /* PBXContainerItemProxy */ = {
			isa = PBXContainerItemProxy;
			containerPortal = 68C6A7012906857F0002F291 /* Project object */;
			proxyType = 1;
			remoteGlobalIDString = 68C6A7082906857F0002F291;
			remoteInfo = BrowsrApp;
		};
/* End PBXContainerItemProxy section */

/* Begin PBXFileReference section */
		68C6A709290685800002F291 /* BrowsrApp.app */ = {isa = PBXFileReference; explicitFileType = wrapper.application; includeInIndex = 0; path = BrowsrApp.app; sourceTree = BUILT_PRODUCTS_DIR; };
		68C6A70C290685800002F291 /* BrowsrAppApp.swift */ = {isa = PBXFileReference; lastKnownFileType = sourcecode.swift; path = BrowsrAppApp.swift; sourceTree = "<group>"; };
		68C6A710290685810002F291 /* Assets.xcassets */ = {isa = PBXFileReference; lastKnownFileType = folder.assetcatalog; path = Assets.xcassets; sourceTree = "<group>"; };
		68C6A713290685810002F291 /* Preview Assets.xcassets */ = {isa = PBXFileReference; lastKnownFileType = folder.assetcatalog; path = "Preview Assets.xcassets"; sourceTree = "<group>"; };
		68C6A719290685810002F291 /* BrowsrAppTests.xctest */ = {isa = PBXFileReference; explicitFileType = wrapper.cfbundle; includeInIndex = 0; path = BrowsrAppTests.xctest; sourceTree = BUILT_PRODUCTS_DIR; };
		68C6A71D290685810002F291 /* BrowsrAppTests.swift */ = {isa = PBXFileReference; lastKnownFileType = sourcecode.swift; path = BrowsrAppTests.swift; sourceTree = "<group>"; };
		68C6A723290685810002F291 /* BrowsrAppUITests.xctest */ = {isa = PBXFileReference; explicitFileType = wrapper.cfbundle; includeInIndex = 0; path = BrowsrAppUITests.xctest; sourceTree = BUILT_PRODUCTS_DIR; };
		68C6A727290685810002F291 /* BrowsrAppUITests.swift */ = {isa = PBXFileReference; lastKnownFileType = sourcecode.swift; path = BrowsrAppUITests.swift; sourceTree = "<group>"; };
		68C6A729290685810002F291 /* BrowsrAppUITestsLaunchTests.swift */ = {isa = PBXFileReference; lastKnownFileType = sourcecode.swift; path = BrowsrAppUITestsLaunchTests.swift; sourceTree = "<group>"; };
		68C6A73B2906864F0002F291 /* OrganizationListView.swift */ = {isa = PBXFileReference; lastKnownFileType = sourcecode.swift; path = OrganizationListView.swift; sourceTree = "<group>"; };
		68C6A73D290686640002F291 /* OrganizationsListViewModel.swift */ = {isa = PBXFileReference; lastKnownFileType = sourcecode.swift; path = OrganizationsListViewModel.swift; sourceTree = "<group>"; };
		68C6A7442906C5F00002F291 /* OrganizationExt.swift */ = {isa = PBXFileReference; lastKnownFileType = sourcecode.swift; path = OrganizationExt.swift; sourceTree = "<group>"; };
		68C6A7462906CF290002F291 /* SeparatorView.swift */ = {isa = PBXFileReference; lastKnownFileType = sourcecode.swift; path = SeparatorView.swift; sourceTree = "<group>"; };
/* End PBXFileReference section */

/* Begin PBXFrameworksBuildPhase section */
		68C6A7062906857F0002F291 /* Frameworks */ = {
			isa = PBXFrameworksBuildPhase;
			buildActionMask = 2147483647;
			files = (
				68C6A7422906884E0002F291 /* BrowsrLib in Frameworks */,
			);
			runOnlyForDeploymentPostprocessing = 0;
		};
		68C6A716290685810002F291 /* Frameworks */ = {
			isa = PBXFrameworksBuildPhase;
			buildActionMask = 2147483647;
			files = (
			);
			runOnlyForDeploymentPostprocessing = 0;
		};
		68C6A720290685810002F291 /* Frameworks */ = {
			isa = PBXFrameworksBuildPhase;
			buildActionMask = 2147483647;
			files = (
			);
			runOnlyForDeploymentPostprocessing = 0;
		};
/* End PBXFrameworksBuildPhase section */

/* Begin PBXGroup section */
		68C6A7002906857F0002F291 = {
			isa = PBXGroup;
			children = (
				68C6A70B290685800002F291 /* BrowsrApp */,
				68C6A71C290685810002F291 /* BrowsrAppTests */,
				68C6A726290685810002F291 /* BrowsrAppUITests */,
				68C6A70A290685800002F291 /* Products */,
			);
			sourceTree = "<group>";
		};
		68C6A70A290685800002F291 /* Products */ = {
			isa = PBXGroup;
			children = (
				68C6A709290685800002F291 /* BrowsrApp.app */,
				68C6A719290685810002F291 /* BrowsrAppTests.xctest */,
				68C6A723290685810002F291 /* BrowsrAppUITests.xctest */,
			);
			name = Products;
			sourceTree = "<group>";
		};
		68C6A70B290685800002F291 /* BrowsrApp */ = {
			isa = PBXGroup;
			children = (
				68C6A7432906C5DD0002F291 /* Extensions */,
				68C6A73A290686120002F291 /* Models */,
				68C6A7392906860C0002F291 /* Views */,
				68C6A738290685FE0002F291 /* View Models */,
				68C6A70C290685800002F291 /* BrowsrAppApp.swift */,
				68C6A710290685810002F291 /* Assets.xcassets */,
				68C6A712290685810002F291 /* Preview Content */,
			);
			path = BrowsrApp;
			sourceTree = "<group>";
		};
		68C6A712290685810002F291 /* Preview Content */ = {
			isa = PBXGroup;
			children = (
				68C6A713290685810002F291 /* Preview Assets.xcassets */,
			);
			path = "Preview Content";
			sourceTree = "<group>";
		};
		68C6A71C290685810002F291 /* BrowsrAppTests */ = {
			isa = PBXGroup;
			children = (
				68C6A71D290685810002F291 /* BrowsrAppTests.swift */,
			);
			path = BrowsrAppTests;
			sourceTree = "<group>";
		};
		68C6A726290685810002F291 /* BrowsrAppUITests */ = {
			isa = PBXGroup;
			children = (
				68C6A727290685810002F291 /* BrowsrAppUITests.swift */,
				68C6A729290685810002F291 /* BrowsrAppUITestsLaunchTests.swift */,
			);
			path = BrowsrAppUITests;
			sourceTree = "<group>";
		};
		68C6A738290685FE0002F291 /* View Models */ = {
			isa = PBXGroup;
			children = (
				68C6A73D290686640002F291 /* OrganizationsListViewModel.swift */,
			);
			path = "View Models";
			sourceTree = "<group>";
		};
		68C6A7392906860C0002F291 /* Views */ = {
			isa = PBXGroup;
			children = (
				68C6A73B2906864F0002F291 /* OrganizationListView.swift */,
				68C6A7462906CF290002F291 /* SeparatorView.swift */,
			);
			path = Views;
			sourceTree = "<group>";
		};
		68C6A73A290686120002F291 /* Models */ = {
			isa = PBXGroup;
			children = (
			);
			path = Models;
			sourceTree = "<group>";
		};
		68C6A7432906C5DD0002F291 /* Extensions */ = {
			isa = PBXGroup;
			children = (
				68C6A7442906C5F00002F291 /* OrganizationExt.swift */,
			);
			path = Extensions;
			sourceTree = "<group>";
		};
/* End PBXGroup section */

/* Begin PBXNativeTarget section */
		68C6A7082906857F0002F291 /* BrowsrApp */ = {
			isa = PBXNativeTarget;
			buildConfigurationList = 68C6A72D290685810002F291 /* Build configuration list for PBXNativeTarget "BrowsrApp" */;
			buildPhases = (
				68C6A7052906857F0002F291 /* Sources */,
				68C6A7062906857F0002F291 /* Frameworks */,
				68C6A7072906857F0002F291 /* Resources */,
			);
			buildRules = (
			);
			dependencies = (
			);
			name = BrowsrApp;
			packageProductDependencies = (
				68C6A7412906884E0002F291 /* BrowsrLib */,
			);
			productName = BrowsrApp;
			productReference = 68C6A709290685800002F291 /* BrowsrApp.app */;
			productType = "com.apple.product-type.application";
		};
		68C6A718290685810002F291 /* BrowsrAppTests */ = {
			isa = PBXNativeTarget;
			buildConfigurationList = 68C6A730290685810002F291 /* Build configuration list for PBXNativeTarget "BrowsrAppTests" */;
			buildPhases = (
				68C6A715290685810002F291 /* Sources */,
				68C6A716290685810002F291 /* Frameworks */,
				68C6A717290685810002F291 /* Resources */,
			);
			buildRules = (
			);
			dependencies = (
				68C6A71B290685810002F291 /* PBXTargetDependency */,
			);
			name = BrowsrAppTests;
			productName = BrowsrAppTests;
			productReference = 68C6A719290685810002F291 /* BrowsrAppTests.xctest */;
			productType = "com.apple.product-type.bundle.unit-test";
		};
		68C6A722290685810002F291 /* BrowsrAppUITests */ = {
			isa = PBXNativeTarget;
			buildConfigurationList = 68C6A733290685810002F291 /* Build configuration list for PBXNativeTarget "BrowsrAppUITests" */;
			buildPhases = (
				68C6A71F290685810002F291 /* Sources */,
				68C6A720290685810002F291 /* Frameworks */,
				68C6A721290685810002F291 /* Resources */,
			);
			buildRules = (
			);
			dependencies = (
				68C6A725290685810002F291 /* PBXTargetDependency */,
			);
			name = BrowsrAppUITests;
			productName = BrowsrAppUITests;
			productReference = 68C6A723290685810002F291 /* BrowsrAppUITests.xctest */;
			productType = "com.apple.product-type.bundle.ui-testing";
		};
/* End PBXNativeTarget section */

/* Begin PBXProject section */
		68C6A7012906857F0002F291 /* Project object */ = {
			isa = PBXProject;
			attributes = {
				BuildIndependentTargetsInParallel = 1;
				LastSwiftUpdateCheck = 1400;
				LastUpgradeCheck = 1400;
				TargetAttributes = {
					68C6A7082906857F0002F291 = {
						CreatedOnToolsVersion = 14.0.1;
					};
					68C6A718290685810002F291 = {
						CreatedOnToolsVersion = 14.0.1;
						TestTargetID = 68C6A7082906857F0002F291;
					};
					68C6A722290685810002F291 = {
						CreatedOnToolsVersion = 14.0.1;
						TestTargetID = 68C6A7082906857F0002F291;
					};
				};
			};
			buildConfigurationList = 68C6A7042906857F0002F291 /* Build configuration list for PBXProject "BrowsrApp" */;
			compatibilityVersion = "Xcode 14.0";
			developmentRegion = en;
			hasScannedForEncodings = 0;
			knownRegions = (
				en,
				Base,
			);
			mainGroup = 68C6A7002906857F0002F291;
			packageReferences = (
				68C6A7402906884E0002F291 /* XCRemoteSwiftPackageReference "BrowsrLib" */,
			);
			productRefGroup = 68C6A70A290685800002F291 /* Products */;
			projectDirPath = "";
			projectRoot = "";
			targets = (
				68C6A7082906857F0002F291 /* BrowsrApp */,
				68C6A718290685810002F291 /* BrowsrAppTests */,
				68C6A722290685810002F291 /* BrowsrAppUITests */,
			);
		};
/* End PBXProject section */

/* Begin PBXResourcesBuildPhase section */
		68C6A7072906857F0002F291 /* Resources */ = {
			isa = PBXResourcesBuildPhase;
			buildActionMask = 2147483647;
			files = (
				68C6A714290685810002F291 /* Preview Assets.xcassets in Resources */,
				68C6A711290685810002F291 /* Assets.xcassets in Resources */,
			);
			runOnlyForDeploymentPostprocessing = 0;
		};
		68C6A717290685810002F291 /* Resources */ = {
			isa = PBXResourcesBuildPhase;
			buildActionMask = 2147483647;
			files = (
			);
			runOnlyForDeploymentPostprocessing = 0;
		};
		68C6A721290685810002F291 /* Resources */ = {
			isa = PBXResourcesBuildPhase;
			buildActionMask = 2147483647;
			files = (
			);
			runOnlyForDeploymentPostprocessing = 0;
		};
/* End PBXResourcesBuildPhase section */

/* Begin PBXSourcesBuildPhase section */
		68C6A7052906857F0002F291 /* Sources */ = {
			isa = PBXSourcesBuildPhase;
			buildActionMask = 2147483647;
			files = (
				68C6A70D290685800002F291 /* BrowsrAppApp.swift in Sources */,
				68C6A73E290686640002F291 /* OrganizationsListViewModel.swift in Sources */,
				68C6A7472906CF290002F291 /* SeparatorView.swift in Sources */,
				68C6A7452906C5F00002F291 /* OrganizationExt.swift in Sources */,
				68C6A73C2906864F0002F291 /* OrganizationListView.swift in Sources */,
			);
			runOnlyForDeploymentPostprocessing = 0;
		};
		68C6A715290685810002F291 /* Sources */ = {
			isa = PBXSourcesBuildPhase;
			buildActionMask = 2147483647;
			files = (
				68C6A71E290685810002F291 /* BrowsrAppTests.swift in Sources */,
			);
			runOnlyForDeploymentPostprocessing = 0;
		};
		68C6A71F290685810002F291 /* Sources */ = {
			isa = PBXSourcesBuildPhase;
			buildActionMask = 2147483647;
			files = (
				68C6A728290685810002F291 /* BrowsrAppUITests.swift in Sources */,
				68C6A72A290685810002F291 /* BrowsrAppUITestsLaunchTests.swift in Sources */,
			);
			runOnlyForDeploymentPostprocessing = 0;
		};
/* End PBXSourcesBuildPhase section */

/* Begin PBXTargetDependency section */
		68C6A71B290685810002F291 /* PBXTargetDependency */ = {
			isa = PBXTargetDependency;
			target = 68C6A7082906857F0002F291 /* BrowsrApp */;
			targetProxy = 68C6A71A290685810002F291 /* PBXContainerItemProxy */;
		};
		68C6A725290685810002F291 /* PBXTargetDependency */ = {
			isa = PBXTargetDependency;
			target = 68C6A7082906857F0002F291 /* BrowsrApp */;
			targetProxy = 68C6A724290685810002F291 /* PBXContainerItemProxy */;
		};
/* End PBXTargetDependency section */

/* Begin XCBuildConfiguration section */
		68C6A72B290685810002F291 /* Debug */ = {
			isa = XCBuildConfiguration;
			buildSettings = {
				ALWAYS_SEARCH_USER_PATHS = NO;
				CLANG_ANALYZER_NONNULL = YES;
				CLANG_ANALYZER_NUMBER_OBJECT_CONVERSION = YES_AGGRESSIVE;
				CLANG_CXX_LANGUAGE_STANDARD = "gnu++20";
				CLANG_ENABLE_MODULES = YES;
				CLANG_ENABLE_OBJC_ARC = YES;
				CLANG_ENABLE_OBJC_WEAK = YES;
				CLANG_WARN_BLOCK_CAPTURE_AUTORELEASING = YES;
				CLANG_WARN_BOOL_CONVERSION = YES;
				CLANG_WARN_COMMA = YES;
				CLANG_WARN_CONSTANT_CONVERSION = YES;
				CLANG_WARN_DEPRECATED_OBJC_IMPLEMENTATIONS = YES;
				CLANG_WARN_DIRECT_OBJC_ISA_USAGE = YES_ERROR;
				CLANG_WARN_DOCUMENTATION_COMMENTS = YES;
				CLANG_WARN_EMPTY_BODY = YES;
				CLANG_WARN_ENUM_CONVERSION = YES;
				CLANG_WARN_INFINITE_RECURSION = YES;
				CLANG_WARN_INT_CONVERSION = YES;
				CLANG_WARN_NON_LITERAL_NULL_CONVERSION = YES;
				CLANG_WARN_OBJC_IMPLICIT_RETAIN_SELF = YES;
				CLANG_WARN_OBJC_LITERAL_CONVERSION = YES;
				CLANG_WARN_OBJC_ROOT_CLASS = YES_ERROR;
				CLANG_WARN_QUOTED_INCLUDE_IN_FRAMEWORK_HEADER = YES;
				CLANG_WARN_RANGE_LOOP_ANALYSIS = YES;
				CLANG_WARN_STRICT_PROTOTYPES = YES;
				CLANG_WARN_SUSPICIOUS_MOVE = YES;
				CLANG_WARN_UNGUARDED_AVAILABILITY = YES_AGGRESSIVE;
				CLANG_WARN_UNREACHABLE_CODE = YES;
				CLANG_WARN__DUPLICATE_METHOD_MATCH = YES;
				COPY_PHASE_STRIP = NO;
				DEBUG_INFORMATION_FORMAT = dwarf;
				ENABLE_STRICT_OBJC_MSGSEND = YES;
				ENABLE_TESTABILITY = YES;
				GCC_C_LANGUAGE_STANDARD = gnu11;
				GCC_DYNAMIC_NO_PIC = NO;
				GCC_NO_COMMON_BLOCKS = YES;
				GCC_OPTIMIZATION_LEVEL = 0;
				GCC_PREPROCESSOR_DEFINITIONS = (
					"DEBUG=1",
					"$(inherited)",
				);
				GCC_WARN_64_TO_32_BIT_CONVERSION = YES;
				GCC_WARN_ABOUT_RETURN_TYPE = YES_ERROR;
				GCC_WARN_UNDECLARED_SELECTOR = YES;
				GCC_WARN_UNINITIALIZED_AUTOS = YES_AGGRESSIVE;
				GCC_WARN_UNUSED_FUNCTION = YES;
				GCC_WARN_UNUSED_VARIABLE = YES;
				IPHONEOS_DEPLOYMENT_TARGET = 16.0;
				MTL_ENABLE_DEBUG_INFO = INCLUDE_SOURCE;
				MTL_FAST_MATH = YES;
				ONLY_ACTIVE_ARCH = YES;
				SDKROOT = iphoneos;
				SWIFT_ACTIVE_COMPILATION_CONDITIONS = DEBUG;
				SWIFT_OPTIMIZATION_LEVEL = "-Onone";
			};
			name = Debug;
		};
		68C6A72C290685810002F291 /* Release */ = {
			isa = XCBuildConfiguration;
			buildSettings = {
				ALWAYS_SEARCH_USER_PATHS = NO;
				CLANG_ANALYZER_NONNULL = YES;
				CLANG_ANALYZER_NUMBER_OBJECT_CONVERSION = YES_AGGRESSIVE;
				CLANG_CXX_LANGUAGE_STANDARD = "gnu++20";
				CLANG_ENABLE_MODULES = YES;
				CLANG_ENABLE_OBJC_ARC = YES;
				CLANG_ENABLE_OBJC_WEAK = YES;
				CLANG_WARN_BLOCK_CAPTURE_AUTORELEASING = YES;
				CLANG_WARN_BOOL_CONVERSION = YES;
				CLANG_WARN_COMMA = YES;
				CLANG_WARN_CONSTANT_CONVERSION = YES;
				CLANG_WARN_DEPRECATED_OBJC_IMPLEMENTATIONS = YES;
				CLANG_WARN_DIRECT_OBJC_ISA_USAGE = YES_ERROR;
				CLANG_WARN_DOCUMENTATION_COMMENTS = YES;
				CLANG_WARN_EMPTY_BODY = YES;
				CLANG_WARN_ENUM_CONVERSION = YES;
				CLANG_WARN_INFINITE_RECURSION = YES;
				CLANG_WARN_INT_CONVERSION = YES;
				CLANG_WARN_NON_LITERAL_NULL_CONVERSION = YES;
				CLANG_WARN_OBJC_IMPLICIT_RETAIN_SELF = YES;
				CLANG_WARN_OBJC_LITERAL_CONVERSION = YES;
				CLANG_WARN_OBJC_ROOT_CLASS = YES_ERROR;
				CLANG_WARN_QUOTED_INCLUDE_IN_FRAMEWORK_HEADER = YES;
				CLANG_WARN_RANGE_LOOP_ANALYSIS = YES;
				CLANG_WARN_STRICT_PROTOTYPES = YES;
				CLANG_WARN_SUSPICIOUS_MOVE = YES;
				CLANG_WARN_UNGUARDED_AVAILABILITY = YES_AGGRESSIVE;
				CLANG_WARN_UNREACHABLE_CODE = YES;
				CLANG_WARN__DUPLICATE_METHOD_MATCH = YES;
				COPY_PHASE_STRIP = NO;
				DEBUG_INFORMATION_FORMAT = "dwarf-with-dsym";
				ENABLE_NS_ASSERTIONS = NO;
				ENABLE_STRICT_OBJC_MSGSEND = YES;
				GCC_C_LANGUAGE_STANDARD = gnu11;
				GCC_NO_COMMON_BLOCKS = YES;
				GCC_WARN_64_TO_32_BIT_CONVERSION = YES;
				GCC_WARN_ABOUT_RETURN_TYPE = YES_ERROR;
				GCC_WARN_UNDECLARED_SELECTOR = YES;
				GCC_WARN_UNINITIALIZED_AUTOS = YES_AGGRESSIVE;
				GCC_WARN_UNUSED_FUNCTION = YES;
				GCC_WARN_UNUSED_VARIABLE = YES;
				IPHONEOS_DEPLOYMENT_TARGET = 16.0;
				MTL_ENABLE_DEBUG_INFO = NO;
				MTL_FAST_MATH = YES;
				SDKROOT = iphoneos;
				SWIFT_COMPILATION_MODE = wholemodule;
				SWIFT_OPTIMIZATION_LEVEL = "-O";
				VALIDATE_PRODUCT = YES;
			};
			name = Release;
		};
		68C6A72E290685810002F291 /* Debug */ = {
			isa = XCBuildConfiguration;
			buildSettings = {
				ASSETCATALOG_COMPILER_APPICON_NAME = AppIcon;
				ASSETCATALOG_COMPILER_GLOBAL_ACCENT_COLOR_NAME = AccentColor;
				CODE_SIGN_STYLE = Automatic;
				CURRENT_PROJECT_VERSION = 1;
				DEVELOPMENT_ASSET_PATHS = "\"BrowsrApp/Preview Content\"";
				DEVELOPMENT_TEAM = 5H46HCMC8L;
				ENABLE_PREVIEWS = YES;
				GENERATE_INFOPLIST_FILE = YES;
				INFOPLIST_KEY_UIApplicationSceneManifest_Generation = YES;
				INFOPLIST_KEY_UIApplicationSupportsIndirectInputEvents = YES;
				INFOPLIST_KEY_UILaunchScreen_Generation = YES;
				INFOPLIST_KEY_UISupportedInterfaceOrientations = UIInterfaceOrientationPortrait;
				INFOPLIST_KEY_UISupportedInterfaceOrientations_iPad = "UIInterfaceOrientationLandscapeLeft UIInterfaceOrientationLandscapeRight UIInterfaceOrientationPortrait UIInterfaceOrientationPortraitUpsideDown";
				LD_RUNPATH_SEARCH_PATHS = (
					"$(inherited)",
					"@executable_path/Frameworks",
				);
				MARKETING_VERSION = 1.0;
				PRODUCT_BUNDLE_IDENTIFIER = com.vitordinis.BrowsrApp;
				PRODUCT_NAME = "$(TARGET_NAME)";
				SUPPORTED_PLATFORMS = "iphoneos iphonesimulator";
				SUPPORTS_MACCATALYST = NO;
				SUPPORTS_MAC_DESIGNED_FOR_IPHONE_IPAD = NO;
				SWIFT_EMIT_LOC_STRINGS = YES;
				SWIFT_VERSION = 5.0;
				TARGETED_DEVICE_FAMILY = 1;
			};
			name = Debug;
		};
		68C6A72F290685810002F291 /* Release */ = {
			isa = XCBuildConfiguration;
			buildSettings = {
				ASSETCATALOG_COMPILER_APPICON_NAME = AppIcon;
				ASSETCATALOG_COMPILER_GLOBAL_ACCENT_COLOR_NAME = AccentColor;
				CODE_SIGN_STYLE = Automatic;
				CURRENT_PROJECT_VERSION = 1;
				DEVELOPMENT_ASSET_PATHS = "\"BrowsrApp/Preview Content\"";
				DEVELOPMENT_TEAM = 5H46HCMC8L;
				ENABLE_PREVIEWS = YES;
				GENERATE_INFOPLIST_FILE = YES;
				INFOPLIST_KEY_UIApplicationSceneManifest_Generation = YES;
				INFOPLIST_KEY_UIApplicationSupportsIndirectInputEvents = YES;
				INFOPLIST_KEY_UILaunchScreen_Generation = YES;
				INFOPLIST_KEY_UISupportedInterfaceOrientations = UIInterfaceOrientationPortrait;
				INFOPLIST_KEY_UISupportedInterfaceOrientations_iPad = "UIInterfaceOrientationLandscapeLeft UIInterfaceOrientationLandscapeRight UIInterfaceOrientationPortrait UIInterfaceOrientationPortraitUpsideDown";
				LD_RUNPATH_SEARCH_PATHS = (
					"$(inherited)",
					"@executable_path/Frameworks",
				);
				MARKETING_VERSION = 1.0;
				PRODUCT_BUNDLE_IDENTIFIER = com.vitordinis.BrowsrApp;
				PRODUCT_NAME = "$(TARGET_NAME)";
				SUPPORTED_PLATFORMS = "iphoneos iphonesimulator";
				SUPPORTS_MACCATALYST = NO;
				SUPPORTS_MAC_DESIGNED_FOR_IPHONE_IPAD = NO;
				SWIFT_EMIT_LOC_STRINGS = YES;
				SWIFT_VERSION = 5.0;
				TARGETED_DEVICE_FAMILY = 1;
			};
			name = Release;
		};
		68C6A731290685810002F291 /* Debug */ = {
			isa = XCBuildConfiguration;
			buildSettings = {
				ALWAYS_EMBED_SWIFT_STANDARD_LIBRARIES = YES;
				BUNDLE_LOADER = "$(TEST_HOST)";
				CODE_SIGN_STYLE = Automatic;
				CURRENT_PROJECT_VERSION = 1;
				DEVELOPMENT_TEAM = 5H46HCMC8L;
				GENERATE_INFOPLIST_FILE = YES;
				IPHONEOS_DEPLOYMENT_TARGET = 16.0;
				MARKETING_VERSION = 1.0;
				PRODUCT_BUNDLE_IDENTIFIER = com.vitordinis.BrowsrAppTests;
				PRODUCT_NAME = "$(TARGET_NAME)";
				SWIFT_EMIT_LOC_STRINGS = NO;
				SWIFT_VERSION = 5.0;
				TARGETED_DEVICE_FAMILY = "1,2";
				TEST_HOST = "$(BUILT_PRODUCTS_DIR)/BrowsrApp.app/$(BUNDLE_EXECUTABLE_FOLDER_PATH)/BrowsrApp";
			};
			name = Debug;
		};
		68C6A732290685810002F291 /* Release */ = {
			isa = XCBuildConfiguration;
			buildSettings = {
				ALWAYS_EMBED_SWIFT_STANDARD_LIBRARIES = YES;
				BUNDLE_LOADER = "$(TEST_HOST)";
				CODE_SIGN_STYLE = Automatic;
				CURRENT_PROJECT_VERSION = 1;
				DEVELOPMENT_TEAM = 5H46HCMC8L;
				GENERATE_INFOPLIST_FILE = YES;
				IPHONEOS_DEPLOYMENT_TARGET = 16.0;
				MARKETING_VERSION = 1.0;
				PRODUCT_BUNDLE_IDENTIFIER = com.vitordinis.BrowsrAppTests;
				PRODUCT_NAME = "$(TARGET_NAME)";
				SWIFT_EMIT_LOC_STRINGS = NO;
				SWIFT_VERSION = 5.0;
				TARGETED_DEVICE_FAMILY = "1,2";
				TEST_HOST = "$(BUILT_PRODUCTS_DIR)/BrowsrApp.app/$(BUNDLE_EXECUTABLE_FOLDER_PATH)/BrowsrApp";
			};
			name = Release;
		};
		68C6A734290685810002F291 /* Debug */ = {
			isa = XCBuildConfiguration;
			buildSettings = {
				ALWAYS_EMBED_SWIFT_STANDARD_LIBRARIES = YES;
				CODE_SIGN_STYLE = Automatic;
				CURRENT_PROJECT_VERSION = 1;
				DEVELOPMENT_TEAM = 5H46HCMC8L;
				GENERATE_INFOPLIST_FILE = YES;
				MARKETING_VERSION = 1.0;
				PRODUCT_BUNDLE_IDENTIFIER = com.vitordinis.BrowsrAppUITests;
				PRODUCT_NAME = "$(TARGET_NAME)";
				SWIFT_EMIT_LOC_STRINGS = NO;
				SWIFT_VERSION = 5.0;
				TARGETED_DEVICE_FAMILY = "1,2";
				TEST_TARGET_NAME = BrowsrApp;
			};
			name = Debug;
		};
		68C6A735290685810002F291 /* Release */ = {
			isa = XCBuildConfiguration;
			buildSettings = {
				ALWAYS_EMBED_SWIFT_STANDARD_LIBRARIES = YES;
				CODE_SIGN_STYLE = Automatic;
				CURRENT_PROJECT_VERSION = 1;
				DEVELOPMENT_TEAM = 5H46HCMC8L;
				GENERATE_INFOPLIST_FILE = YES;
				MARKETING_VERSION = 1.0;
				PRODUCT_BUNDLE_IDENTIFIER = com.vitordinis.BrowsrAppUITests;
				PRODUCT_NAME = "$(TARGET_NAME)";
				SWIFT_EMIT_LOC_STRINGS = NO;
				SWIFT_VERSION = 5.0;
				TARGETED_DEVICE_FAMILY = "1,2";
				TEST_TARGET_NAME = BrowsrApp;
			};
			name = Release;
		};
/* End XCBuildConfiguration section */

/* Begin XCConfigurationList section */
		68C6A7042906857F0002F291 /* Build configuration list for PBXProject "BrowsrApp" */ = {
			isa = XCConfigurationList;
			buildConfigurations = (
				68C6A72B290685810002F291 /* Debug */,
				68C6A72C290685810002F291 /* Release */,
			);
			defaultConfigurationIsVisible = 0;
			defaultConfigurationName = Release;
		};
		68C6A72D290685810002F291 /* Build configuration list for PBXNativeTarget "BrowsrApp" */ = {
			isa = XCConfigurationList;
			buildConfigurations = (
				68C6A72E290685810002F291 /* Debug */,
				68C6A72F290685810002F291 /* Release */,
			);
			defaultConfigurationIsVisible = 0;
			defaultConfigurationName = Release;
		};
		68C6A730290685810002F291 /* Build configuration list for PBXNativeTarget "BrowsrAppTests" */ = {
			isa = XCConfigurationList;
			buildConfigurations = (
				68C6A731290685810002F291 /* Debug */,
				68C6A732290685810002F291 /* Release */,
			);
			defaultConfigurationIsVisible = 0;
			defaultConfigurationName = Release;
		};
		68C6A733290685810002F291 /* Build configuration list for PBXNativeTarget "BrowsrAppUITests" */ = {
			isa = XCConfigurationList;
			buildConfigurations = (
				68C6A734290685810002F291 /* Debug */,
				68C6A735290685810002F291 /* Release */,
			);
			defaultConfigurationIsVisible = 0;
			defaultConfigurationName = Release;
		};
/* End XCConfigurationList section */

/* Begin XCRemoteSwiftPackageReference section */
		68C6A7402906884E0002F291 /* XCRemoteSwiftPackageReference "BrowsrLib" */ = {
			isa = XCRemoteSwiftPackageReference;
			repositoryURL = "https://github.com/HauntedSoul/BrowsrLib";
			requirement = {
				branch = main;
				kind = branch;
			};
		};
/* End XCRemoteSwiftPackageReference section */

/* Begin XCSwiftPackageProductDependency section */
		68C6A7412906884E0002F291 /* BrowsrLib */ = {
			isa = XCSwiftPackageProductDependency;
			package = 68C6A7402906884E0002F291 /* XCRemoteSwiftPackageReference "BrowsrLib" */;
			productName = BrowsrLib;
		};
/* End XCSwiftPackageProductDependency section */
	};
	rootObject = 68C6A7012906857F0002F291 /* Project object */;
}
