{
  "pins" : [
    {
      "identity" : "browsrlib",
      "kind" : "remoteSourceControl",
      "location" : "https://github.com/HauntedSoul/BrowsrLib",
      "state" : {
        "branch" : "main",
        "revision" : "1c7735db9cadf7392c4bf4a66a161e9e6a86a5e3"
      }
    }
  ],
  "version" : 2
}
